
Microsoft Visual Studio Solution File, Format Version 12.00
# Visual Studio Version 17
VisualStudioVersion = 17.14.37411.7
MinimumVisualStudioVersion = 10.0.40219.1
Project("{FAE04EC0-301F-11D3-BF4B-00C04F79EFBC}") = "CRUDCoreASP.NET", "CRUDCoreASP.NET\CRUDCoreASP.NET.csproj", "{CBB1DA5E-95B4-42F8-B64C-AF75E9198C9A}"
EndProject
Project("{FAE04EC0-301F-11D3-BF4B-00C04F79EFBC}") = "usertesting", "usertesting\usertesting.csproj", "{BDADD4E8-1510-4D22-8D22-5FE8C97E150C}"
EndProject
Global
	GlobalSection(SolutionConfigurationPlatforms) = preSolution
		Debug|Any CPU = Debug|Any CPU
		Release|Any CPU = Release|Any CPU
	EndGlobalSection
	GlobalSection(ProjectConfigurationPlatforms) = postSolution
		{CBB1DA5E-95B4-42F8-B64C-AF75E9198C9A}.Debug|Any CPU.ActiveCfg = Debug|Any CPU
		{CBB1DA5E-95B4-42F8-B64C-AF75E9198C9A}.Debug|Any CPU.Build.0 = Debug|Any CPU
		{CBB1DA5E-95B4-42F8-B64C-AF75E9198C9A}.Release|Any CPU.ActiveCfg = Release|Any CPU
		{CBB1DA5E-95B4-42F8-B64C-AF75E9198C9A}.Release|Any CPU.Build.0 = Release|Any CPU
		{BDADD4E8-1510-4D22-8D22-5FE8C97E150C}.Debug|Any CPU.ActiveCfg = Debug|Any CPU
		{BDADD4E8-1510-4D22-8D22-5FE8C97E150C}.Debug|Any CPU.Build.0 = Debug|Any CPU
		{BDADD4E8-1510-4D22-8D22-5FE8C97E150C}.Release|Any CPU.ActiveCfg = Release|Any CPU
		{BDADD4E8-1510-4D22-8D22-5FE8C97E150C}.Release|Any CPU.Build.0 = Release|Any CPU
	EndGlobalSection
	GlobalSection(SolutionProperties) = preSolution
		HideSolutionNode = FALSE
	EndGlobalSection
	GlobalSection(ExtensibilityGlobals) = postSolution
		SolutionGuid = {59F9314D-3351-49E7-A9D6-0A8A8D4DA414}
	EndGlobalSection
EndGlobal
